schema: '2.0'
stages:
  train:
    cmd: uv run main.py
    deps:
    - path: main.py
      hash: md5
      md5: 99f66c49f704da79afebaa500e8c920c
      size: 1433
    - path: params.yaml
      hash: md5
      md5: 6a88c02c32240b02305e92155ac7e2c6
      size: 60
    - path: src/dataset.py
      hash: md5
      md5: 02c3f1011d3d7d7238efce2c1243bf34
      size: 757
    - path: src/evaluate.py
      hash: md5
      md5: d4e130a7411f175401ee88d28f3e088b
      size: 668
    - path: src/model.py
      hash: md5
      md5: 9824d91521266459778ed218b9e7b873
      size: 1158
    - path: src/train.py
      hash: md5
      md5: f5300c20928b9ba1464acfaac93eed49
      size: 1883
    outs:
    - path: metrics.json
      hash: md5
      md5: 6823ce9b849bcddd7401f320a65f39cf
      size: 20
    - path: model.pt
      hash: md5
      md5: a92510e49846cd00a3cd56d2c826de56
      size: 1077681
